
Microsoft Visual Studio Solution File, Format Version 12.00
# Visual Studio Version 17
VisualStudioVersion = 17.7.34302.85
MinimumVisualStudioVersion = 10.0.40219.1
Project("{9A19103F-16F7-4668-BE54-9A1E7A4F7556}") = "DataDrivenTestingPatternTests", "DataDrivenTestingPatternTests\DataDrivenTestingPatternTests.csproj", "{628A5470-8E01-4497-9294-17138E50B737}"
EndProject
Global
	GlobalSection(SolutionConfigurationPlatforms) = preSolution
		Debug|Any CPU = Debug|Any CPU
		Release|Any CPU = Release|Any CPU
	EndGlobalSection
	GlobalSection(ProjectConfigurationPlatforms) = postSolution
		{628A5470-8E01-4497-9294-17138E50B737}.Debug|Any CPU.ActiveCfg = Debug|Any CPU
		{628A5470-8E01-4497-9294-17138E50B737}.Debug|Any CPU.Build.0 = Debug|Any CPU
		{628A5470-8E01-4497-9294-17138E50B737}.Release|Any CPU.ActiveCfg = Release|Any CPU
		{628A5470-8E01-4497-9294-17138E50B737}.Release|Any CPU.Build.0 = Release|Any CPU
	EndGlobalSection
	GlobalSection(SolutionProperties) = preSolution
		HideSolutionNode = FALSE
	EndGlobalSection
	GlobalSection(ExtensibilityGlobals) = postSolution
		SolutionGuid = {B0F7FA6A-A7ED-40AD-87FA-3312F82B3E21}
	EndGlobalSection
EndGlobal
